
Microsoft Visual Studio Solution File, Format Version 12.00
# Visual Studio 2012
Project("{D954291E-2A0B-460D-934E-DC6B0785DB48}") = "ParkingApp", "ParkingApp\ParkingApp.shproj", "{2EE00CB3-F414-47D3-9A46-2C06CAB2AAAA}"
EndProject
Project("{FAE04EC0-301F-11D3-BF4B-00C04F79EFBC}") = "ParkingApp.Droid", "Droid\ParkingApp.Droid.csproj", "{E86D0314-198F-4AE8-86A7-59C120080CFB}"
EndProject
Project("{FAE04EC0-301F-11D3-BF4B-00C04F79EFBC}") = "ParkingApp.iOS", "iOS\ParkingApp.iOS.csproj", "{9A70E718-B7E2-48DC-9D0B-2D778815F113}"
EndProject
Global
	GlobalSection(SolutionConfigurationPlatforms) = preSolution
		Debug|Any CPU = Debug|Any CPU
		Release|Any CPU = Release|Any CPU
		Debug|iPhoneSimulator = Debug|iPhoneSimulator
		Release|iPhone = Release|iPhone
		Release|iPhoneSimulator = Release|iPhoneSimulator
		Debug|iPhone = Debug|iPhone
	EndGlobalSection
	GlobalSection(ProjectConfigurationPlatforms) = postSolution
		{E86D0314-198F-4AE8-86A7-59C120080CFB}.Debug|Any CPU.ActiveCfg = Debug|Any CPU
		{E86D0314-198F-4AE8-86A7-59C120080CFB}.Debug|Any CPU.Build.0 = Debug|Any CPU
		{E86D0314-198F-4AE8-86A7-59C120080CFB}.Release|Any CPU.ActiveCfg = Release|Any CPU
		{E86D0314-198F-4AE8-86A7-59C120080CFB}.Release|Any CPU.Build.0 = Release|Any CPU
		{E86D0314-198F-4AE8-86A7-59C120080CFB}.Debug|iPhoneSimulator.ActiveCfg = Debug|Any CPU
		{E86D0314-198F-4AE8-86A7-59C120080CFB}.Debug|iPhoneSimulator.Build.0 = Debug|Any CPU
		{E86D0314-198F-4AE8-86A7-59C120080CFB}.Release|iPhone.ActiveCfg = Release|Any CPU
		{E86D0314-198F-4AE8-86A7-59C120080CFB}.Release|iPhone.Build.0 = Release|Any CPU
		{E86D0314-198F-4AE8-86A7-59C120080CFB}.Release|iPhoneSimulator.ActiveCfg = Release|Any CPU
		{E86D0314-198F-4AE8-86A7-59C120080CFB}.Release|iPhoneSimulator.Build.0 = Release|Any CPU
		{E86D0314-198F-4AE8-86A7-59C120080CFB}.Debug|iPhone.ActiveCfg = Debug|Any CPU
		{E86D0314-198F-4AE8-86A7-59C120080CFB}.Debug|iPhone.Build.0 = Debug|Any CPU
		{9A70E718-B7E2-48DC-9D0B-2D778815F113}.Debug|Any CPU.ActiveCfg = Debug|iPhoneSimulator
		{9A70E718-B7E2-48DC-9D0B-2D778815F113}.Debug|Any CPU.Build.0 = Debug|iPhoneSimulator
		{9A70E718-B7E2-48DC-9D0B-2D778815F113}.Release|Any CPU.ActiveCfg = Release|iPhone
		{9A70E718-B7E2-48DC-9D0B-2D778815F113}.Release|Any CPU.Build.0 = Release|iPhone
		{9A70E718-B7E2-48DC-9D0B-2D778815F113}.Debug|iPhoneSimulator.ActiveCfg = Debug|iPhoneSimulator
		{9A70E718-B7E2-48DC-9D0B-2D778815F113}.Debug|iPhoneSimulator.Build.0 = Debug|iPhoneSimulator
		{9A70E718-B7E2-48DC-9D0B-2D778815F113}.Release|iPhone.ActiveCfg = Release|iPhone
		{9A70E718-B7E2-48DC-9D0B-2D778815F113}.Release|iPhone.Build.0 = Release|iPhone
		{9A70E718-B7E2-48DC-9D0B-2D778815F113}.Release|iPhoneSimulator.ActiveCfg = Release|iPhoneSimulator
		{9A70E718-B7E2-48DC-9D0B-2D778815F113}.Release|iPhoneSimulator.Build.0 = Release|iPhoneSimulator
		{9A70E718-B7E2-48DC-9D0B-2D778815F113}.Debug|iPhone.ActiveCfg = Debug|iPhone
		{9A70E718-B7E2-48DC-9D0B-2D778815F113}.Debug|iPhone.Build.0 = Debug|iPhone
	EndGlobalSection
EndGlobal
